# @generated by Move, please check-in and do not edit manually.

[move]
version = 3
manifest_digest = "3DACA48E6A8E23E7EF6C42ADFB77BAE51DB65D927E2E3C20F937EA883C58AC21"
deps_digest = "060AD7E57DFB13104F21BE5F5C3759D03F0553FC3229247D9A7A6B45F50D03A3"
dependencies = [
  { id = "MoveStdlib", name = "MoveStdlib" },
  { id = "MoveosStdlib", name = "MoveosStdlib" },
  { id = "RoochFramework", name = "RoochFramework" },
]

[[move.package]]
id = "MoveStdlib"
source = { git = "https://github.com/rooch-network/rooch.git", rev = "main", subdir = "frameworks\\move-stdlib" }

[[move.package]]
id = "MoveosStdlib"
source = { git = "https://github.com/rooch-network/rooch.git", rev = "main", subdir = "frameworks\\moveos-stdlib" }

dependencies = [
  { id = "MoveStdlib", name = "MoveStdlib" },
]

[[move.package]]
id = "RoochFramework"
source = { git = "https://github.com/rooch-network/rooch.git", rev = "main", subdir = "frameworks/rooch-framework" }

dependencies = [
  { id = "MoveStdlib", name = "MoveStdlib" },
  { id = "MoveosStdlib", name = "MoveosStdlib" },
]
